// !$*UTF8*$!
{
	archiveVersion = 1;
	classes = {
	};
	objectVersion = 56;
	objects = {

/* Begin PBXBuildFile section */
		6C0CD9592A697C24001E1AC6 /* level1.txt in Resources */ = {isa = PBXBuildFile; fileRef = 6C0CD9572A697C24001E1AC6 /* level1.txt */; };
		6C0CD95A2A697C24001E1AC6 /* level2.txt in Resources */ = {isa = PBXBuildFile; fileRef = 6C0CD9582A697C24001E1AC6 /* level2.txt */; };
		6C9699A12A67CF71008ECC2A /* AppDelegate.swift in Sources */ = {isa = PBXBuildFile; fileRef = 6C9699A02A67CF71008ECC2A /* AppDelegate.swift */; };
		6C9699A32A67CF71008ECC2A /* SceneDelegate.swift in Sources */ = {isa = PBXBuildFile; fileRef = 6C9699A22A67CF71008ECC2A /* SceneDelegate.swift */; };
		6C9699A52A67CF71008ECC2A /* ViewController.swift in Sources */ = {isa = PBXBuildFile; fileRef = 6C9699A42A67CF71008ECC2A /* ViewController.swift */; };
		6C9699A82A67CF71008ECC2A /* Main.storyboard in Resources */ = {isa = PBXBuildFile; fileRef = 6C9699A62A67CF71008ECC2A /* Main.storyboard */; };
		6C9699AA2A67CF72008ECC2A /* Assets.xcassets in Resources */ = {isa = PBXBuildFile; fileRef = 6C9699A92A67CF72008ECC2A /* Assets.xcassets */; };
		6C9699AD2A67CF72008ECC2A /* LaunchScreen.storyboard in Resources */ = {isa = PBXBuildFile; fileRef = 6C9699AB2A67CF72008ECC2A /* LaunchScreen.storyboard */; };
/* End PBXBuildFile section */

/* Begin PBXFileReference section */
		6C0CD9572A697C24001E1AC6 /* level1.txt */ = {isa = PBXFileReference; fileEncoding = 4; lastKnownFileType = text; path = level1.txt; sourceTree = "<group>"; };
		6C0CD9582A697C24001E1AC6 /* level2.txt */ = {isa = PBXFileReference; fileEncoding = 4; lastKnownFileType = text; path = level2.txt; sourceTree = "<group>"; };
		6C96999D2A67CF71008ECC2A /* ProjectEight.app */ = {isa = PBXFileReference; explicitFileType = wrapper.application; includeInIndex = 0; path = ProjectEight.app; sourceTree = BUILT_PRODUCTS_DIR; };
		6C9699A02A67CF71008ECC2A /* AppDelegate.swift */ = {isa = PBXFileReference; lastKnownFileType = sourcecode.swift; path = AppDelegate.swift; sourceTree = "<group>"; };
		6C9699A22A67CF71008ECC2A /* SceneDelegate.swift */ = {isa = PBXFileReference; lastKnownFileType = sourcecode.swift; path = SceneDelegate.swift; sourceTree = "<group>"; };
		6C9699A42A67CF71008ECC2A /* ViewController.swift */ = {isa = PBXFileReference; lastKnownFileType = sourcecode.swift; path = ViewController.swift; sourceTree = "<group>"; };
		6C9699A72A67CF71008ECC2A /* Base */ = {isa = PBXFileReference; lastKnownFileType = file.storyboard; name = Base; path = Base.lproj/Main.storyboard; sourceTree = "<group>"; };
		6C9699A92A67CF72008ECC2A /* Assets.xcassets */ = {isa = PBXFileReference; lastKnownFileType = folder.assetcatalog; path = Assets.xcassets; sourceTree = "<group>"; };
		6C9699AC2A67CF72008ECC2A /* Base */ = {isa = PBXFileReference; lastKnownFileType = file.storyboard; name = Base; path = Base.lproj/LaunchScreen.storyboard; sourceTree = "<group>"; };
		6C9699AE2A67CF72008ECC2A /* Info.plist */ = {isa = PBXFileReference; lastKnownFileType = text.plist.xml; path = Info.plist; sourceTree = "<group>"; };
/* End PBXFileReference section */

/* Begin PBXFrameworksBuildPhase section */
		6C96999A2A67CF71008ECC2A /* Frameworks */ = {
			isa = PBXFrameworksBuildPhase;
			buildActionMask = 2147483647;
			files = (
			);
			runOnlyForDeploymentPostprocessing = 0;
		};
/* End PBXFrameworksBuildPhase section */

/* Begin PBXGroup section */
		6C9699942A67CF71008ECC2A = {
			isa = PBXGroup;
			children = (
				6C96999F2A67CF71008ECC2A /* ProjectEight */,
				6C96999E2A67CF71008ECC2A /* Products */,
			);
			sourceTree = "<group>";
		};
		6C96999E2A67CF71008ECC2A /* Products */ = {
			isa = PBXGroup;
			children = (
				6C96999D2A67CF71008ECC2A /* ProjectEight.app */,
			);
			name = Products;
			sourceTree = "<group>";
		};
		6C96999F2A67CF71008ECC2A /* ProjectEight */ = {
			isa = PBXGroup;
			children = (
				6C9699B52A67CF87008ECC2A /* Storyboards */,
				6C9699B42A67CF7A008ECC2A /* ViewControllers */,
				6C9699A02A67CF71008ECC2A /* AppDelegate.swift */,
				6C9699A22A67CF71008ECC2A /* SceneDelegate.swift */,
				6C9699A92A67CF72008ECC2A /* Assets.xcassets */,
				6C9699AE2A67CF72008ECC2A /* Info.plist */,
				6C0CD9572A697C24001E1AC6 /* level1.txt */,
				6C0CD9582A697C24001E1AC6 /* level2.txt */,
			);
			path = ProjectEight;
			sourceTree = "<group>";
		};
		6C9699B42A67CF7A008ECC2A /* ViewControllers */ = {
			isa = PBXGroup;
			children = (
				6C9699A42A67CF71008ECC2A /* ViewController.swift */,
			);
			path = ViewControllers;
			sourceTree = "<group>";
		};
		6C9699B52A67CF87008ECC2A /* Storyboards */ = {
			isa = PBXGroup;
			children = (
				6C9699A62A67CF71008ECC2A /* Main.storyboard */,
				6C9699AB2A67CF72008ECC2A /* LaunchScreen.storyboard */,
			);
			path = Storyboards;
			sourceTree = "<group>";
		};
/* End PBXGroup section */

/* Begin PBXNativeTarget section */
		6C96999C2A67CF71008ECC2A /* ProjectEight */ = {
			isa = PBXNativeTarget;
			buildConfigurationList = 6C9699B12A67CF72008ECC2A /* Build configuration list for PBXNativeTarget "ProjectEight" */;
			buildPhases = (
				6C9699992A67CF71008ECC2A /* Sources */,
				6C96999A2A67CF71008ECC2A /* Frameworks */,
				6C96999B2A67CF71008ECC2A /* Resources */,
			);
			buildRules = (
			);
			dependencies = (
			);
			name = ProjectEight;
			productName = ProjectEight;
			productReference = 6C96999D2A67CF71008ECC2A /* ProjectEight.app */;
			productType = "com.apple.product-type.application";
		};
/* End PBXNativeTarget section */

/* Begin PBXProject section */
		6C9699952A67CF71008ECC2A /* Project object */ = {
			isa = PBXProject;
			attributes = {
				BuildIndependentTargetsInParallel = 1;
				LastSwiftUpdateCheck = 1430;
				LastUpgradeCheck = 1430;
				TargetAttributes = {
					6C96999C2A67CF71008ECC2A = {
						CreatedOnToolsVersion = 14.3.1;
					};
				};
			};
			buildConfigurationList = 6C9699982A67CF71008ECC2A /* Build configuration list for PBXProject "ProjectEight" */;
			compatibilityVersion = "Xcode 14.0";
			developmentRegion = en;
			hasScannedForEncodings = 0;
			knownRegions = (
				en,
				Base,
			);
			mainGroup = 6C9699942A67CF71008ECC2A;
			productRefGroup = 6C96999E2A67CF71008ECC2A /* Products */;
			projectDirPath = "";
			projectRoot = "";
			targets = (
				6C96999C2A67CF71008ECC2A /* ProjectEight */,
			);
		};
/* End PBXProject section */

/* Begin PBXResourcesBuildPhase section */
		6C96999B2A67CF71008ECC2A /* Resources */ = {
			isa = PBXResourcesBuildPhase;
			buildActionMask = 2147483647;
			files = (
				6C0CD95A2A697C24001E1AC6 /* level2.txt in Resources */,
				6C9699AD2A67CF72008ECC2A /* LaunchScreen.storyboard in Resources */,
				6C0CD9592A697C24001E1AC6 /* level1.txt in Resources */,
				6C9699AA2A67CF72008ECC2A /* Assets.xcassets in Resources */,
				6C9699A82A67CF71008ECC2A /* Main.storyboard in Resources */,
			);
			runOnlyForDeploymentPostprocessing = 0;
		};
/* End PBXResourcesBuildPhase section */

/* Begin PBXSourcesBuildPhase section */
		6C9699992A67CF71008ECC2A /* Sources */ = {
			isa = PBXSourcesBuildPhase;
			buildActionMask = 2147483647;
			files = (
				6C9699A52A67CF71008ECC2A /* ViewController.swift in Sources */,
				6C9699A12A67CF71008ECC2A /* AppDelegate.swift in Sources */,
				6C9699A32A67CF71008ECC2A /* SceneDelegate.swift in Sources */,
			);
			runOnlyForDeploymentPostprocessing = 0;
		};
/* End PBXSourcesBuildPhase section */

/* Begin PBXVariantGroup section */
		6C9699A62A67CF71008ECC2A /* Main.storyboard */ = {
			isa = PBXVariantGroup;
			children = (
				6C9699A72A67CF71008ECC2A /* Base */,
			);
			name = Main.storyboard;
			sourceTree = "<group>";
		};
		6C9699AB2A67CF72008ECC2A /* LaunchScreen.storyboard */ = {
			isa = PBXVariantGroup;
			children = (
				6C9699AC2A67CF72008ECC2A /* Base */,
			);
			name = LaunchScreen.storyboard;
			sourceTree = "<group>";
		};
/* End PBXVariantGroup section */

/* Begin XCBuildConfiguration section */
		6C9699AF2A67CF72008ECC2A /* Debug */ = {
			isa = XCBuildConfiguration;
			buildSettings = {
				ALWAYS_SEARCH_USER_PATHS = NO;
				CLANG_ANALYZER_NONNULL = YES;
				CLANG_ANALYZER_NUMBER_OBJECT_CONVERSION = YES_AGGRESSIVE;
				CLANG_CXX_LANGUAGE_STANDARD = "gnu++20";
				CLANG_ENABLE_MODULES = YES;
				CLANG_ENABLE_OBJC_ARC = YES;
				CLANG_ENABLE_OBJC_WEAK = YES;
				CLANG_WARN_BLOCK_CAPTURE_AUTORELEASING = YES;
				CLANG_WARN_BOOL_CONVERSION = YES;
				CLANG_WARN_COMMA = YES;
				CLANG_WARN_CONSTANT_CONVERSION = YES;
				CLANG_WARN_DEPRECATED_OBJC_IMPLEMENTATIONS = YES;
				CLANG_WARN_DIRECT_OBJC_ISA_USAGE = YES_ERROR;
				CLANG_WARN_DOCUMENTATION_COMMENTS = YES;
				CLANG_WARN_EMPTY_BODY = YES;
				CLANG_WARN_ENUM_CONVERSION = YES;
				CLANG_WARN_INFINITE_RECURSION = YES;
				CLANG_WARN_INT_CONVERSION = YES;
				CLANG_WARN_NON_LITERAL_NULL_CONVERSION = YES;
				CLANG_WARN_OBJC_IMPLICIT_RETAIN_SELF = YES;
				CLANG_WARN_OBJC_LITERAL_CONVERSION = YES;
				CLANG_WARN_OBJC_ROOT_CLASS = YES_ERROR;
				CLANG_WARN_QUOTED_INCLUDE_IN_FRAMEWORK_HEADER = YES;
				CLANG_WARN_RANGE_LOOP_ANALYSIS = YES;
				CLANG_WARN_STRICT_PROTOTYPES = YES;
				CLANG_WARN_SUSPICIOUS_MOVE = YES;
				CLANG_WARN_UNGUARDED_AVAILABILITY = YES_AGGRESSIVE;
				CLANG_WARN_UNREACHABLE_CODE = YES;
				CLANG_WARN__DUPLICATE_METHOD_MATCH = YES;
				COPY_PHASE_STRIP = NO;
				DEBUG_INFORMATION_FORMAT = dwarf;
				ENABLE_STRICT_OBJC_MSGSEND = YES;
				ENABLE_TESTABILITY = YES;
				GCC_C_LANGUAGE_STANDARD = gnu11;
				GCC_DYNAMIC_NO_PIC = NO;
				GCC_NO_COMMON_BLOCKS = YES;
				GCC_OPTIMIZATION_LEVEL = 0;
				GCC_PREPROCESSOR_DEFINITIONS = (
					"DEBUG=1",
					"$(inherited)",
				);
				GCC_WARN_64_TO_32_BIT_CONVERSION = YES;
				GCC_WARN_ABOUT_RETURN_TYPE = YES_ERROR;
				GCC_WARN_UNDECLARED_SELECTOR = YES;
				GCC_WARN_UNINITIALIZED_AUTOS = YES_AGGRESSIVE;
				GCC_WARN_UNUSED_FUNCTION = YES;
				GCC_WARN_UNUSED_VARIABLE = YES;
				IPHONEOS_DEPLOYMENT_TARGET = 16.4;
				MTL_ENABLE_DEBUG_INFO = INCLUDE_SOURCE;
				MTL_FAST_MATH = YES;
				ONLY_ACTIVE_ARCH = YES;
				SDKROOT = iphoneos;
				SWIFT_ACTIVE_COMPILATION_CONDITIONS = DEBUG;
				SWIFT_OPTIMIZATION_LEVEL = "-Onone";
			};
			name = Debug;
		};
		6C9699B02A67CF72008ECC2A /* Release */ = {
			isa = XCBuildConfiguration;
			buildSettings = {
				ALWAYS_SEARCH_USER_PATHS = NO;
				CLANG_ANALYZER_NONNULL = YES;
				CLANG_ANALYZER_NUMBER_OBJECT_CONVERSION = YES_AGGRESSIVE;
				CLANG_CXX_LANGUAGE_STANDARD = "gnu++20";
				CLANG_ENABLE_MODULES = YES;
				CLANG_ENABLE_OBJC_ARC = YES;
				CLANG_ENABLE_OBJC_WEAK = YES;
				CLANG_WARN_BLOCK_CAPTURE_AUTORELEASING = YES;
				CLANG_WARN_BOOL_CONVERSION = YES;
				CLANG_WARN_COMMA = YES;
				CLANG_WARN_CONSTANT_CONVERSION = YES;
				CLANG_WARN_DEPRECATED_OBJC_IMPLEMENTATIONS = YES;
				CLANG_WARN_DIRECT_OBJC_ISA_USAGE = YES_ERROR;
				CLANG_WARN_DOCUMENTATION_COMMENTS = YES;
				CLANG_WARN_EMPTY_BODY = YES;
				CLANG_WARN_ENUM_CONVERSION = YES;
				CLANG_WARN_INFINITE_RECURSION = YES;
				CLANG_WARN_INT_CONVERSION = YES;
				CLANG_WARN_NON_LITERAL_NULL_CONVERSION = YES;
				CLANG_WARN_OBJC_IMPLICIT_RETAIN_SELF = YES;
				CLANG_WARN_OBJC_LITERAL_CONVERSION = YES;
				CLANG_WARN_OBJC_ROOT_CLASS = YES_ERROR;
				CLANG_WARN_QUOTED_INCLUDE_IN_FRAMEWORK_HEADER = YES;
				CLANG_WARN_RANGE_LOOP_ANALYSIS = YES;
				CLANG_WARN_STRICT_PROTOTYPES = YES;
				CLANG_WARN_SUSPICIOUS_MOVE = YES;
				CLANG_WARN_UNGUARDED_AVAILABILITY = YES_AGGRESSIVE;
				CLANG_WARN_UNREACHABLE_CODE = YES;
				CLANG_WARN__DUPLICATE_METHOD_MATCH = YES;
				COPY_PHASE_STRIP = NO;
				DEBUG_INFORMATION_FORMAT = "dwarf-with-dsym";
				ENABLE_NS_ASSERTIONS = NO;
				ENABLE_STRICT_OBJC_MSGSEND = YES;
				GCC_C_LANGUAGE_STANDARD = gnu11;
				GCC_NO_COMMON_BLOCKS = YES;
				GCC_WARN_64_TO_32_BIT_CONVERSION = YES;
				GCC_WARN_ABOUT_RETURN_TYPE = YES_ERROR;
				GCC_WARN_UNDECLARED_SELECTOR = YES;
				GCC_WARN_UNINITIALIZED_AUTOS = YES_AGGRESSIVE;
				GCC_WARN_UNUSED_FUNCTION = YES;
				GCC_WARN_UNUSED_VARIABLE = YES;
				IPHONEOS_DEPLOYMENT_TARGET = 16.4;
				MTL_ENABLE_DEBUG_INFO = NO;
				MTL_FAST_MATH = YES;
				SDKROOT = iphoneos;
				SWIFT_COMPILATION_MODE = wholemodule;
				SWIFT_OPTIMIZATION_LEVEL = "-O";
				VALIDATE_PRODUCT = YES;
			};
			name = Release;
		};
		6C9699B22A67CF72008ECC2A /* Debug */ = {
			isa = XCBuildConfiguration;
			buildSettings = {
				ASSETCATALOG_COMPILER_APPICON_NAME = AppIcon;
				ASSETCATALOG_COMPILER_GLOBAL_ACCENT_COLOR_NAME = AccentColor;
				CODE_SIGN_STYLE = Automatic;
				CURRENT_PROJECT_VERSION = 1;
				DEVELOPMENT_TEAM = 654TFT8Q77;
				GENERATE_INFOPLIST_FILE = YES;
				INFOPLIST_FILE = ProjectEight/Info.plist;
				INFOPLIST_KEY_CFBundleDisplayName = "Project Eight";
				INFOPLIST_KEY_UIApplicationSupportsIndirectInputEvents = YES;
				INFOPLIST_KEY_UILaunchStoryboardName = LaunchScreen;
				INFOPLIST_KEY_UIMainStoryboardFile = Main;
				INFOPLIST_KEY_UISupportedInterfaceOrientations_iPad = "UIInterfaceOrientationPortrait UIInterfaceOrientationPortraitUpsideDown UIInterfaceOrientationLandscapeLeft UIInterfaceOrientationLandscapeRight";
				INFOPLIST_KEY_UISupportedInterfaceOrientations_iPhone = "UIInterfaceOrientationPortrait UIInterfaceOrientationLandscapeLeft UIInterfaceOrientationLandscapeRight";
				LD_RUNPATH_SEARCH_PATHS = (
					"$(inherited)",
					"@executable_path/Frameworks",
				);
				MARKETING_VERSION = 1.0;
				PRODUCT_BUNDLE_IDENTIFIER = pl.codewithrivss.ProjectEight;
				PRODUCT_NAME = "$(TARGET_NAME)";
				SUPPORTED_PLATFORMS = "iphoneos iphonesimulator";
				SUPPORTS_MACCATALYST = NO;
				SUPPORTS_MAC_DESIGNED_FOR_IPHONE_IPAD = YES;
				SWIFT_EMIT_LOC_STRINGS = YES;
				SWIFT_VERSION = 5.0;
				TARGETED_DEVICE_FAMILY = 2;
			};
			name = Debug;
		};
		6C9699B32A67CF72008ECC2A /* Release */ = {
			isa = XCBuildConfiguration;
			buildSettings = {
				ASSETCATALOG_COMPILER_APPICON_NAME = AppIcon;
				ASSETCATALOG_COMPILER_GLOBAL_ACCENT_COLOR_NAME = AccentColor;
				CODE_SIGN_STYLE = Automatic;
				CURRENT_PROJECT_VERSION = 1;
				DEVELOPMENT_TEAM = 654TFT8Q77;
				GENERATE_INFOPLIST_FILE = YES;
				INFOPLIST_FILE = ProjectEight/Info.plist;
				INFOPLIST_KEY_CFBundleDisplayName = "Project Eight";
				INFOPLIST_KEY_UIApplicationSupportsIndirectInputEvents = YES;
				INFOPLIST_KEY_UILaunchStoryboardName = LaunchScreen;
				INFOPLIST_KEY_UIMainStoryboardFile = Main;
				INFOPLIST_KEY_UISupportedInterfaceOrientations_iPad = "UIInterfaceOrientationPortrait UIInterfaceOrientationPortraitUpsideDown UIInterfaceOrientationLandscapeLeft UIInterfaceOrientationLandscapeRight";
				INFOPLIST_KEY_UISupportedInterfaceOrientations_iPhone = "UIInterfaceOrientationPortrait UIInterfaceOrientationLandscapeLeft UIInterfaceOrientationLandscapeRight";
				LD_RUNPATH_SEARCH_PATHS = (
					"$(inherited)",
					"@executable_path/Frameworks",
				);
				MARKETING_VERSION = 1.0;
				PRODUCT_BUNDLE_IDENTIFIER = pl.codewithrivss.ProjectEight;
				PRODUCT_NAME = "$(TARGET_NAME)";
				SUPPORTED_PLATFORMS = "iphoneos iphonesimulator";
				SUPPORTS_MACCATALYST = NO;
				SUPPORTS_MAC_DESIGNED_FOR_IPHONE_IPAD = YES;
				SWIFT_EMIT_LOC_STRINGS = YES;
				SWIFT_VERSION = 5.0;
				TARGETED_DEVICE_FAMILY = 2;
			};
			name = Release;
		};
/* End XCBuildConfiguration section */

/* Begin XCConfigurationList section */
		6C9699982A67CF71008ECC2A /* Build configuration list for PBXProject "ProjectEight" */ = {
			isa = XCConfigurationList;
			buildConfigurations = (
				6C9699AF2A67CF72008ECC2A /* Debug */,
				6C9699B02A67CF72008ECC2A /* Release */,
			);
			defaultConfigurationIsVisible = 0;
			defaultConfigurationName = Release;
		};
		6C9699B12A67CF72008ECC2A /* Build configuration list for PBXNativeTarget "ProjectEight" */ = {
			isa = XCConfigurationList;
			buildConfigurations = (
				6C9699B22A67CF72008ECC2A /* Debug */,
				6C9699B32A67CF72008ECC2A /* Release */,
			);
			defaultConfigurationIsVisible = 0;
			defaultConfigurationName = Release;
		};
/* End XCConfigurationList section */
	};
	rootObject = 6C9699952A67CF71008ECC2A /* Project object */;
}
