// !$*UTF8*$!
{
	archiveVersion = 1;
	classes = {
	};
	objectVersion = 56;
	objects = {

/* Begin PBXBuildFile section */
		6C9EB2EE2A602E4800B92E2E /* AppDelegate.swift in Sources */ = {isa = PBXBuildFile; fileRef = 6C9EB2ED2A602E4800B92E2E /* AppDelegate.swift */; };
		6C9EB2F02A602E4800B92E2E /* SceneDelegate.swift in Sources */ = {isa = PBXBuildFile; fileRef = 6C9EB2EF2A602E4800B92E2E /* SceneDelegate.swift */; };
		6C9EB2F22A602E4800B92E2E /* ViewController.swift in Sources */ = {isa = PBXBuildFile; fileRef = 6C9EB2F12A602E4800B92E2E /* ViewController.swift */; };
		6C9EB2F52A602E4800B92E2E /* Main.storyboard in Resources */ = {isa = PBXBuildFile; fileRef = 6C9EB2F32A602E4800B92E2E /* Main.storyboard */; };
		6C9EB2F72A602E4900B92E2E /* Assets.xcassets in Resources */ = {isa = PBXBuildFile; fileRef = 6C9EB2F62A602E4900B92E2E /* Assets.xcassets */; };
		6C9EB2FA2A602E4900B92E2E /* LaunchScreen.storyboard in Resources */ = {isa = PBXBuildFile; fileRef = 6C9EB2F82A602E4900B92E2E /* LaunchScreen.storyboard */; };
/* End PBXBuildFile section */

/* Begin PBXFileReference section */
		6C9EB2EA2A602E4800B92E2E /* ProjectFourSixMilestone.app */ = {isa = PBXFileReference; explicitFileType = wrapper.application; includeInIndex = 0; path = ProjectFourSixMilestone.app; sourceTree = BUILT_PRODUCTS_DIR; };
		6C9EB2ED2A602E4800B92E2E /* AppDelegate.swift */ = {isa = PBXFileReference; lastKnownFileType = sourcecode.swift; path = AppDelegate.swift; sourceTree = "<group>"; };
		6C9EB2EF2A602E4800B92E2E /* SceneDelegate.swift */ = {isa = PBXFileReference; lastKnownFileType = sourcecode.swift; path = SceneDelegate.swift; sourceTree = "<group>"; };
		6C9EB2F12A602E4800B92E2E /* ViewController.swift */ = {isa = PBXFileReference; lastKnownFileType = sourcecode.swift; path = ViewController.swift; sourceTree = "<group>"; };
		6C9EB2F42A602E4800B92E2E /* Base */ = {isa = PBXFileReference; lastKnownFileType = file.storyboard; name = Base; path = Base.lproj/Main.storyboard; sourceTree = "<group>"; };
		6C9EB2F62A602E4900B92E2E /* Assets.xcassets */ = {isa = PBXFileReference; lastKnownFileType = folder.assetcatalog; path = Assets.xcassets; sourceTree = "<group>"; };
		6C9EB2F92A602E4900B92E2E /* Base */ = {isa = PBXFileReference; lastKnownFileType = file.storyboard; name = Base; path = Base.lproj/LaunchScreen.storyboard; sourceTree = "<group>"; };
		6C9EB2FB2A602E4900B92E2E /* Info.plist */ = {isa = PBXFileReference; lastKnownFileType = text.plist.xml; path = Info.plist; sourceTree = "<group>"; };
/* End PBXFileReference section */

/* Begin PBXFrameworksBuildPhase section */
		6C9EB2E72A602E4800B92E2E /* Frameworks */ = {
			isa = PBXFrameworksBuildPhase;
			buildActionMask = 2147483647;
			files = (
			);
			runOnlyForDeploymentPostprocessing = 0;
		};
/* End PBXFrameworksBuildPhase section */

/* Begin PBXGroup section */
		6C9EB2E12A602E4800B92E2E = {
			isa = PBXGroup;
			children = (
				6C9EB2EC2A602E4800B92E2E /* ProjectFourSixMilestone */,
				6C9EB2EB2A602E4800B92E2E /* Products */,
			);
			sourceTree = "<group>";
		};
		6C9EB2EB2A602E4800B92E2E /* Products */ = {
			isa = PBXGroup;
			children = (
				6C9EB2EA2A602E4800B92E2E /* ProjectFourSixMilestone.app */,
			);
			name = Products;
			sourceTree = "<group>";
		};
		6C9EB2EC2A602E4800B92E2E /* ProjectFourSixMilestone */ = {
			isa = PBXGroup;
			children = (
				6C9EB3022A602E6400B92E2E /* Storyboards */,
				6C9EB3012A602E5600B92E2E /* ViewControllers */,
				6C9EB2ED2A602E4800B92E2E /* AppDelegate.swift */,
				6C9EB2EF2A602E4800B92E2E /* SceneDelegate.swift */,
				6C9EB2F62A602E4900B92E2E /* Assets.xcassets */,
				6C9EB2FB2A602E4900B92E2E /* Info.plist */,
			);
			path = ProjectFourSixMilestone;
			sourceTree = "<group>";
		};
		6C9EB3012A602E5600B92E2E /* ViewControllers */ = {
			isa = PBXGroup;
			children = (
				6C9EB2F12A602E4800B92E2E /* ViewController.swift */,
			);
			path = ViewControllers;
			sourceTree = "<group>";
		};
		6C9EB3022A602E6400B92E2E /* Storyboards */ = {
			isa = PBXGroup;
			children = (
				6C9EB2F32A602E4800B92E2E /* Main.storyboard */,
				6C9EB2F82A602E4900B92E2E /* LaunchScreen.storyboard */,
			);
			path = Storyboards;
			sourceTree = "<group>";
		};
/* End PBXGroup section */

/* Begin PBXNativeTarget section */
		6C9EB2E92A602E4800B92E2E /* ProjectFourSixMilestone */ = {
			isa = PBXNativeTarget;
			buildConfigurationList = 6C9EB2FE2A602E4900B92E2E /* Build configuration list for PBXNativeTarget "ProjectFourSixMilestone" */;
			buildPhases = (
				6C9EB2E62A602E4800B92E2E /* Sources */,
				6C9EB2E72A602E4800B92E2E /* Frameworks */,
				6C9EB2E82A602E4800B92E2E /* Resources */,
			);
			buildRules = (
			);
			dependencies = (
			);
			name = ProjectFourSixMilestone;
			productName = ProjectFourSixMilestone;
			productReference = 6C9EB2EA2A602E4800B92E2E /* ProjectFourSixMilestone.app */;
			productType = "com.apple.product-type.application";
		};
/* End PBXNativeTarget section */

/* Begin PBXProject section */
		6C9EB2E22A602E4800B92E2E /* Project object */ = {
			isa = PBXProject;
			attributes = {
				BuildIndependentTargetsInParallel = 1;
				LastSwiftUpdateCheck = 1430;
				LastUpgradeCheck = 1430;
				TargetAttributes = {
					6C9EB2E92A602E4800B92E2E = {
						CreatedOnToolsVersion = 14.3.1;
					};
				};
			};
			buildConfigurationList = 6C9EB2E52A602E4800B92E2E /* Build configuration list for PBXProject "ProjectFourSixMilestone" */;
			compatibilityVersion = "Xcode 14.0";
			developmentRegion = en;
			hasScannedForEncodings = 0;
			knownRegions = (
				en,
				Base,
			);
			mainGroup = 6C9EB2E12A602E4800B92E2E;
			productRefGroup = 6C9EB2EB2A602E4800B92E2E /* Products */;
			projectDirPath = "";
			projectRoot = "";
			targets = (
				6C9EB2E92A602E4800B92E2E /* ProjectFourSixMilestone */,
			);
		};
/* End PBXProject section */

/* Begin PBXResourcesBuildPhase section */
		6C9EB2E82A602E4800B92E2E /* Resources */ = {
			isa = PBXResourcesBuildPhase;
			buildActionMask = 2147483647;
			files = (
				6C9EB2FA2A602E4900B92E2E /* LaunchScreen.storyboard in Resources */,
				6C9EB2F72A602E4900B92E2E /* Assets.xcassets in Resources */,
				6C9EB2F52A602E4800B92E2E /* Main.storyboard in Resources */,
			);
			runOnlyForDeploymentPostprocessing = 0;
		};
/* End PBXResourcesBuildPhase section */

/* Begin PBXSourcesBuildPhase section */
		6C9EB2E62A602E4800B92E2E /* Sources */ = {
			isa = PBXSourcesBuildPhase;
			buildActionMask = 2147483647;
			files = (
				6C9EB2F22A602E4800B92E2E /* ViewController.swift in Sources */,
				6C9EB2EE2A602E4800B92E2E /* AppDelegate.swift in Sources */,
				6C9EB2F02A602E4800B92E2E /* SceneDelegate.swift in Sources */,
			);
			runOnlyForDeploymentPostprocessing = 0;
		};
/* End PBXSourcesBuildPhase section */

/* Begin PBXVariantGroup section */
		6C9EB2F32A602E4800B92E2E /* Main.storyboard */ = {
			isa = PBXVariantGroup;
			children = (
				6C9EB2F42A602E4800B92E2E /* Base */,
			);
			name = Main.storyboard;
			sourceTree = "<group>";
		};
		6C9EB2F82A602E4900B92E2E /* LaunchScreen.storyboard */ = {
			isa = PBXVariantGroup;
			children = (
				6C9EB2F92A602E4900B92E2E /* Base */,
			);
			name = LaunchScreen.storyboard;
			sourceTree = "<group>";
		};
/* End PBXVariantGroup section */

/* Begin XCBuildConfiguration section */
		6C9EB2FC2A602E4900B92E2E /* Debug */ = {
			isa = XCBuildConfiguration;
			buildSettings = {
				ALWAYS_SEARCH_USER_PATHS = NO;
				CLANG_ANALYZER_NONNULL = YES;
				CLANG_ANALYZER_NUMBER_OBJECT_CONVERSION = YES_AGGRESSIVE;
				CLANG_CXX_LANGUAGE_STANDARD = "gnu++20";
				CLANG_ENABLE_MODULES = YES;
				CLANG_ENABLE_OBJC_ARC = YES;
				CLANG_ENABLE_OBJC_WEAK = YES;
				CLANG_WARN_BLOCK_CAPTURE_AUTORELEASING = YES;
				CLANG_WARN_BOOL_CONVERSION = YES;
				CLANG_WARN_COMMA = YES;
				CLANG_WARN_CONSTANT_CONVERSION = YES;
				CLANG_WARN_DEPRECATED_OBJC_IMPLEMENTATIONS = YES;
				CLANG_WARN_DIRECT_OBJC_ISA_USAGE = YES_ERROR;
				CLANG_WARN_DOCUMENTATION_COMMENTS = YES;
				CLANG_WARN_EMPTY_BODY = YES;
				CLANG_WARN_ENUM_CONVERSION = YES;
				CLANG_WARN_INFINITE_RECURSION = YES;
				CLANG_WARN_INT_CONVERSION = YES;
				CLANG_WARN_NON_LITERAL_NULL_CONVERSION = YES;
				CLANG_WARN_OBJC_IMPLICIT_RETAIN_SELF = YES;
				CLANG_WARN_OBJC_LITERAL_CONVERSION = YES;
				CLANG_WARN_OBJC_ROOT_CLASS = YES_ERROR;
				CLANG_WARN_QUOTED_INCLUDE_IN_FRAMEWORK_HEADER = YES;
				CLANG_WARN_RANGE_LOOP_ANALYSIS = YES;
				CLANG_WARN_STRICT_PROTOTYPES = YES;
				CLANG_WARN_SUSPICIOUS_MOVE = YES;
				CLANG_WARN_UNGUARDED_AVAILABILITY = YES_AGGRESSIVE;
				CLANG_WARN_UNREACHABLE_CODE = YES;
				CLANG_WARN__DUPLICATE_METHOD_MATCH = YES;
				COPY_PHASE_STRIP = NO;
				DEBUG_INFORMATION_FORMAT = dwarf;
				ENABLE_STRICT_OBJC_MSGSEND = YES;
				ENABLE_TESTABILITY = YES;
				GCC_C_LANGUAGE_STANDARD = gnu11;
				GCC_DYNAMIC_NO_PIC = NO;
				GCC_NO_COMMON_BLOCKS = YES;
				GCC_OPTIMIZATION_LEVEL = 0;
				GCC_PREPROCESSOR_DEFINITIONS = (
					"DEBUG=1",
					"$(inherited)",
				);
				GCC_WARN_64_TO_32_BIT_CONVERSION = YES;
				GCC_WARN_ABOUT_RETURN_TYPE = YES_ERROR;
				GCC_WARN_UNDECLARED_SELECTOR = YES;
				GCC_WARN_UNINITIALIZED_AUTOS = YES_AGGRESSIVE;
				GCC_WARN_UNUSED_FUNCTION = YES;
				GCC_WARN_UNUSED_VARIABLE = YES;
				IPHONEOS_DEPLOYMENT_TARGET = 16.4;
				MTL_ENABLE_DEBUG_INFO = INCLUDE_SOURCE;
				MTL_FAST_MATH = YES;
				ONLY_ACTIVE_ARCH = YES;
				SDKROOT = iphoneos;
				SWIFT_ACTIVE_COMPILATION_CONDITIONS = DEBUG;
				SWIFT_OPTIMIZATION_LEVEL = "-Onone";
			};
			name = Debug;
		};
		6C9EB2FD2A602E4900B92E2E /* Release */ = {
			isa = XCBuildConfiguration;
			buildSettings = {
				ALWAYS_SEARCH_USER_PATHS = NO;
				CLANG_ANALYZER_NONNULL = YES;
				CLANG_ANALYZER_NUMBER_OBJECT_CONVERSION = YES_AGGRESSIVE;
				CLANG_CXX_LANGUAGE_STANDARD = "gnu++20";
				CLANG_ENABLE_MODULES = YES;
				CLANG_ENABLE_OBJC_ARC = YES;
				CLANG_ENABLE_OBJC_WEAK = YES;
				CLANG_WARN_BLOCK_CAPTURE_AUTORELEASING = YES;
				CLANG_WARN_BOOL_CONVERSION = YES;
				CLANG_WARN_COMMA = YES;
				CLANG_WARN_CONSTANT_CONVERSION = YES;
				CLANG_WARN_DEPRECATED_OBJC_IMPLEMENTATIONS = YES;
				CLANG_WARN_DIRECT_OBJC_ISA_USAGE = YES_ERROR;
				CLANG_WARN_DOCUMENTATION_COMMENTS = YES;
				CLANG_WARN_EMPTY_BODY = YES;
				CLANG_WARN_ENUM_CONVERSION = YES;
				CLANG_WARN_INFINITE_RECURSION = YES;
				CLANG_WARN_INT_CONVERSION = YES;
				CLANG_WARN_NON_LITERAL_NULL_CONVERSION = YES;
				CLANG_WARN_OBJC_IMPLICIT_RETAIN_SELF = YES;
				CLANG_WARN_OBJC_LITERAL_CONVERSION = YES;
				CLANG_WARN_OBJC_ROOT_CLASS = YES_ERROR;
				CLANG_WARN_QUOTED_INCLUDE_IN_FRAMEWORK_HEADER = YES;
				CLANG_WARN_RANGE_LOOP_ANALYSIS = YES;
				CLANG_WARN_STRICT_PROTOTYPES = YES;
				CLANG_WARN_SUSPICIOUS_MOVE = YES;
				CLANG_WARN_UNGUARDED_AVAILABILITY = YES_AGGRESSIVE;
				CLANG_WARN_UNREACHABLE_CODE = YES;
				CLANG_WARN__DUPLICATE_METHOD_MATCH = YES;
				COPY_PHASE_STRIP = NO;
				DEBUG_INFORMATION_FORMAT = "dwarf-with-dsym";
				ENABLE_NS_ASSERTIONS = NO;
				ENABLE_STRICT_OBJC_MSGSEND = YES;
				GCC_C_LANGUAGE_STANDARD = gnu11;
				GCC_NO_COMMON_BLOCKS = YES;
				GCC_WARN_64_TO_32_BIT_CONVERSION = YES;
				GCC_WARN_ABOUT_RETURN_TYPE = YES_ERROR;
				GCC_WARN_UNDECLARED_SELECTOR = YES;
				GCC_WARN_UNINITIALIZED_AUTOS = YES_AGGRESSIVE;
				GCC_WARN_UNUSED_FUNCTION = YES;
				GCC_WARN_UNUSED_VARIABLE = YES;
				IPHONEOS_DEPLOYMENT_TARGET = 16.4;
				MTL_ENABLE_DEBUG_INFO = NO;
				MTL_FAST_MATH = YES;
				SDKROOT = iphoneos;
				SWIFT_COMPILATION_MODE = wholemodule;
				SWIFT_OPTIMIZATION_LEVEL = "-O";
				VALIDATE_PRODUCT = YES;
			};
			name = Release;
		};
		6C9EB2FF2A602E4900B92E2E /* Debug */ = {
			isa = XCBuildConfiguration;
			buildSettings = {
				ASSETCATALOG_COMPILER_APPICON_NAME = AppIcon;
				ASSETCATALOG_COMPILER_GLOBAL_ACCENT_COLOR_NAME = AccentColor;
				CODE_SIGN_STYLE = Automatic;
				CURRENT_PROJECT_VERSION = 1;
				DEVELOPMENT_TEAM = 654TFT8Q77;
				GENERATE_INFOPLIST_FILE = YES;
				INFOPLIST_FILE = ProjectFourSixMilestone/Info.plist;
				INFOPLIST_KEY_CFBundleDisplayName = "Milestone 4-6";
				INFOPLIST_KEY_UIApplicationSupportsIndirectInputEvents = YES;
				INFOPLIST_KEY_UILaunchStoryboardName = LaunchScreen;
				INFOPLIST_KEY_UIMainStoryboardFile = Main;
				INFOPLIST_KEY_UISupportedInterfaceOrientations_iPad = "UIInterfaceOrientationPortrait UIInterfaceOrientationPortraitUpsideDown UIInterfaceOrientationLandscapeLeft UIInterfaceOrientationLandscapeRight";
				INFOPLIST_KEY_UISupportedInterfaceOrientations_iPhone = "UIInterfaceOrientationPortrait UIInterfaceOrientationLandscapeLeft UIInterfaceOrientationLandscapeRight";
				LD_RUNPATH_SEARCH_PATHS = (
					"$(inherited)",
					"@executable_path/Frameworks",
				);
				MARKETING_VERSION = 1.0;
				PRODUCT_BUNDLE_IDENTIFIER = pl.codewithrivss.ProjectFourSixMilestone;
				PRODUCT_NAME = "$(TARGET_NAME)";
				SWIFT_EMIT_LOC_STRINGS = YES;
				SWIFT_VERSION = 5.0;
				TARGETED_DEVICE_FAMILY = "1,2";
			};
			name = Debug;
		};
		6C9EB3002A602E4900B92E2E /* Release */ = {
			isa = XCBuildConfiguration;
			buildSettings = {
				ASSETCATALOG_COMPILER_APPICON_NAME = AppIcon;
				ASSETCATALOG_COMPILER_GLOBAL_ACCENT_COLOR_NAME = AccentColor;
				CODE_SIGN_STYLE = Automatic;
				CURRENT_PROJECT_VERSION = 1;
				DEVELOPMENT_TEAM = 654TFT8Q77;
				GENERATE_INFOPLIST_FILE = YES;
				INFOPLIST_FILE = ProjectFourSixMilestone/Info.plist;
				INFOPLIST_KEY_CFBundleDisplayName = "Milestone 4-6";
				INFOPLIST_KEY_UIApplicationSupportsIndirectInputEvents = YES;
				INFOPLIST_KEY_UILaunchStoryboardName = LaunchScreen;
				INFOPLIST_KEY_UIMainStoryboardFile = Main;
				INFOPLIST_KEY_UISupportedInterfaceOrientations_iPad = "UIInterfaceOrientationPortrait UIInterfaceOrientationPortraitUpsideDown UIInterfaceOrientationLandscapeLeft UIInterfaceOrientationLandscapeRight";
				INFOPLIST_KEY_UISupportedInterfaceOrientations_iPhone = "UIInterfaceOrientationPortrait UIInterfaceOrientationLandscapeLeft UIInterfaceOrientationLandscapeRight";
				LD_RUNPATH_SEARCH_PATHS = (
					"$(inherited)",
					"@executable_path/Frameworks",
				);
				MARKETING_VERSION = 1.0;
				PRODUCT_BUNDLE_IDENTIFIER = pl.codewithrivss.ProjectFourSixMilestone;
				PRODUCT_NAME = "$(TARGET_NAME)";
				SWIFT_EMIT_LOC_STRINGS = YES;
				SWIFT_VERSION = 5.0;
				TARGETED_DEVICE_FAMILY = "1,2";
			};
			name = Release;
		};
/* End XCBuildConfiguration section */

/* Begin XCConfigurationList section */
		6C9EB2E52A602E4800B92E2E /* Build configuration list for PBXProject "ProjectFourSixMilestone" */ = {
			isa = XCConfigurationList;
			buildConfigurations = (
				6C9EB2FC2A602E4900B92E2E /* Debug */,
				6C9EB2FD2A602E4900B92E2E /* Release */,
			);
			defaultConfigurationIsVisible = 0;
			defaultConfigurationName = Release;
		};
		6C9EB2FE2A602E4900B92E2E /* Build configuration list for PBXNativeTarget "ProjectFourSixMilestone" */ = {
			isa = XCConfigurationList;
			buildConfigurations = (
				6C9EB2FF2A602E4900B92E2E /* Debug */,
				6C9EB3002A602E4900B92E2E /* Release */,
			);
			defaultConfigurationIsVisible = 0;
			defaultConfigurationName = Release;
		};
/* End XCConfigurationList section */
	};
	rootObject = 6C9EB2E22A602E4800B92E2E /* Project object */;
}
