// !$*UTF8*$!
{
	archiveVersion = 1;
	classes = {
	};
	objectVersion = 56;
	objects = {

/* Begin PBXBuildFile section */
		6C70C0642A83653C00A70989 /* AppDelegate.swift in Sources */ = {isa = PBXBuildFile; fileRef = 6C70C0632A83653C00A70989 /* AppDelegate.swift */; };
		6C70C0662A83653C00A70989 /* SceneDelegate.swift in Sources */ = {isa = PBXBuildFile; fileRef = 6C70C0652A83653C00A70989 /* SceneDelegate.swift */; };
		6C70C0682A83653C00A70989 /* ViewController.swift in Sources */ = {isa = PBXBuildFile; fileRef = 6C70C0672A83653C00A70989 /* ViewController.swift */; };
		6C70C06B2A83653C00A70989 /* Main.storyboard in Resources */ = {isa = PBXBuildFile; fileRef = 6C70C0692A83653C00A70989 /* Main.storyboard */; };
		6C70C06D2A83653D00A70989 /* Assets.xcassets in Resources */ = {isa = PBXBuildFile; fileRef = 6C70C06C2A83653D00A70989 /* Assets.xcassets */; };
		6C70C0702A83653D00A70989 /* LaunchScreen.storyboard in Resources */ = {isa = PBXBuildFile; fileRef = 6C70C06E2A83653D00A70989 /* LaunchScreen.storyboard */; };
		6C70C07D2A83675200A70989 /* Item.swift in Sources */ = {isa = PBXBuildFile; fileRef = 6C70C07C2A83675200A70989 /* Item.swift */; };
		6C70C07F2A836F1D00A70989 /* DetailViewController.swift in Sources */ = {isa = PBXBuildFile; fileRef = 6C70C07E2A836F1D00A70989 /* DetailViewController.swift */; };
/* End PBXBuildFile section */

/* Begin PBXFileReference section */
		6C70C0602A83653C00A70989 /* MilestoneProjectTenTwelve.app */ = {isa = PBXFileReference; explicitFileType = wrapper.application; includeInIndex = 0; path = MilestoneProjectTenTwelve.app; sourceTree = BUILT_PRODUCTS_DIR; };
		6C70C0632A83653C00A70989 /* AppDelegate.swift */ = {isa = PBXFileReference; lastKnownFileType = sourcecode.swift; path = AppDelegate.swift; sourceTree = "<group>"; };
		6C70C0652A83653C00A70989 /* SceneDelegate.swift */ = {isa = PBXFileReference; lastKnownFileType = sourcecode.swift; path = SceneDelegate.swift; sourceTree = "<group>"; };
		6C70C0672A83653C00A70989 /* ViewController.swift */ = {isa = PBXFileReference; lastKnownFileType = sourcecode.swift; path = ViewController.swift; sourceTree = "<group>"; };
		6C70C06A2A83653C00A70989 /* Base */ = {isa = PBXFileReference; lastKnownFileType = file.storyboard; name = Base; path = Base.lproj/Main.storyboard; sourceTree = "<group>"; };
		6C70C06C2A83653D00A70989 /* Assets.xcassets */ = {isa = PBXFileReference; lastKnownFileType = folder.assetcatalog; path = Assets.xcassets; sourceTree = "<group>"; };
		6C70C06F2A83653D00A70989 /* Base */ = {isa = PBXFileReference; lastKnownFileType = file.storyboard; name = Base; path = Base.lproj/LaunchScreen.storyboard; sourceTree = "<group>"; };
		6C70C0712A83653D00A70989 /* Info.plist */ = {isa = PBXFileReference; lastKnownFileType = text.plist.xml; path = Info.plist; sourceTree = "<group>"; };
		6C70C07C2A83675200A70989 /* Item.swift */ = {isa = PBXFileReference; lastKnownFileType = sourcecode.swift; path = Item.swift; sourceTree = "<group>"; };
		6C70C07E2A836F1D00A70989 /* DetailViewController.swift */ = {isa = PBXFileReference; lastKnownFileType = sourcecode.swift; path = DetailViewController.swift; sourceTree = "<group>"; };
/* End PBXFileReference section */

/* Begin PBXFrameworksBuildPhase section */
		6C70C05D2A83653C00A70989 /* Frameworks */ = {
			isa = PBXFrameworksBuildPhase;
			buildActionMask = 2147483647;
			files = (
			);
			runOnlyForDeploymentPostprocessing = 0;
		};
/* End PBXFrameworksBuildPhase section */

/* Begin PBXGroup section */
		6C70C0572A83653C00A70989 = {
			isa = PBXGroup;
			children = (
				6C70C0622A83653C00A70989 /* MilestoneProjectTenTwelve */,
				6C70C0612A83653C00A70989 /* Products */,
			);
			sourceTree = "<group>";
		};
		6C70C0612A83653C00A70989 /* Products */ = {
			isa = PBXGroup;
			children = (
				6C70C0602A83653C00A70989 /* MilestoneProjectTenTwelve.app */,
			);
			name = Products;
			sourceTree = "<group>";
		};
		6C70C0622A83653C00A70989 /* MilestoneProjectTenTwelve */ = {
			isa = PBXGroup;
			children = (
				6C70C0792A8366B900A70989 /* Core */,
				6C70C0782A83656400A70989 /* Storyboards */,
				6C70C0772A83655D00A70989 /* ViewControllers */,
				6C70C0632A83653C00A70989 /* AppDelegate.swift */,
				6C70C0652A83653C00A70989 /* SceneDelegate.swift */,
				6C70C06C2A83653D00A70989 /* Assets.xcassets */,
				6C70C0712A83653D00A70989 /* Info.plist */,
			);
			path = MilestoneProjectTenTwelve;
			sourceTree = "<group>";
		};
		6C70C0772A83655D00A70989 /* ViewControllers */ = {
			isa = PBXGroup;
			children = (
				6C70C0672A83653C00A70989 /* ViewController.swift */,
				6C70C07E2A836F1D00A70989 /* DetailViewController.swift */,
			);
			path = ViewControllers;
			sourceTree = "<group>";
		};
		6C70C0782A83656400A70989 /* Storyboards */ = {
			isa = PBXGroup;
			children = (
				6C70C0692A83653C00A70989 /* Main.storyboard */,
				6C70C06E2A83653D00A70989 /* LaunchScreen.storyboard */,
			);
			path = Storyboards;
			sourceTree = "<group>";
		};
		6C70C0792A8366B900A70989 /* Core */ = {
			isa = PBXGroup;
			children = (
				6C70C07C2A83675200A70989 /* Item.swift */,
			);
			path = Core;
			sourceTree = "<group>";
		};
/* End PBXGroup section */

/* Begin PBXNativeTarget section */
		6C70C05F2A83653C00A70989 /* MilestoneProjectTenTwelve */ = {
			isa = PBXNativeTarget;
			buildConfigurationList = 6C70C0742A83653D00A70989 /* Build configuration list for PBXNativeTarget "MilestoneProjectTenTwelve" */;
			buildPhases = (
				6C70C05C2A83653C00A70989 /* Sources */,
				6C70C05D2A83653C00A70989 /* Frameworks */,
				6C70C05E2A83653C00A70989 /* Resources */,
			);
			buildRules = (
			);
			dependencies = (
			);
			name = MilestoneProjectTenTwelve;
			productName = MilestoneProjectTenTwelve;
			productReference = 6C70C0602A83653C00A70989 /* MilestoneProjectTenTwelve.app */;
			productType = "com.apple.product-type.application";
		};
/* End PBXNativeTarget section */

/* Begin PBXProject section */
		6C70C0582A83653C00A70989 /* Project object */ = {
			isa = PBXProject;
			attributes = {
				BuildIndependentTargetsInParallel = 1;
				LastSwiftUpdateCheck = 1430;
				LastUpgradeCheck = 1430;
				TargetAttributes = {
					6C70C05F2A83653C00A70989 = {
						CreatedOnToolsVersion = 14.3.1;
					};
				};
			};
			buildConfigurationList = 6C70C05B2A83653C00A70989 /* Build configuration list for PBXProject "MilestoneProjectTenTwelve" */;
			compatibilityVersion = "Xcode 14.0";
			developmentRegion = en;
			hasScannedForEncodings = 0;
			knownRegions = (
				en,
				Base,
			);
			mainGroup = 6C70C0572A83653C00A70989;
			productRefGroup = 6C70C0612A83653C00A70989 /* Products */;
			projectDirPath = "";
			projectRoot = "";
			targets = (
				6C70C05F2A83653C00A70989 /* MilestoneProjectTenTwelve */,
			);
		};
/* End PBXProject section */

/* Begin PBXResourcesBuildPhase section */
		6C70C05E2A83653C00A70989 /* Resources */ = {
			isa = PBXResourcesBuildPhase;
			buildActionMask = 2147483647;
			files = (
				6C70C0702A83653D00A70989 /* LaunchScreen.storyboard in Resources */,
				6C70C06D2A83653D00A70989 /* Assets.xcassets in Resources */,
				6C70C06B2A83653C00A70989 /* Main.storyboard in Resources */,
			);
			runOnlyForDeploymentPostprocessing = 0;
		};
/* End PBXResourcesBuildPhase section */

/* Begin PBXSourcesBuildPhase section */
		6C70C05C2A83653C00A70989 /* Sources */ = {
			isa = PBXSourcesBuildPhase;
			buildActionMask = 2147483647;
			files = (
				6C70C07D2A83675200A70989 /* Item.swift in Sources */,
				6C70C0682A83653C00A70989 /* ViewController.swift in Sources */,
				6C70C07F2A836F1D00A70989 /* DetailViewController.swift in Sources */,
				6C70C0642A83653C00A70989 /* AppDelegate.swift in Sources */,
				6C70C0662A83653C00A70989 /* SceneDelegate.swift in Sources */,
			);
			runOnlyForDeploymentPostprocessing = 0;
		};
/* End PBXSourcesBuildPhase section */

/* Begin PBXVariantGroup section */
		6C70C0692A83653C00A70989 /* Main.storyboard */ = {
			isa = PBXVariantGroup;
			children = (
				6C70C06A2A83653C00A70989 /* Base */,
			);
			name = Main.storyboard;
			sourceTree = "<group>";
		};
		6C70C06E2A83653D00A70989 /* LaunchScreen.storyboard */ = {
			isa = PBXVariantGroup;
			children = (
				6C70C06F2A83653D00A70989 /* Base */,
			);
			name = LaunchScreen.storyboard;
			sourceTree = "<group>";
		};
/* End PBXVariantGroup section */

/* Begin XCBuildConfiguration section */
		6C70C0722A83653D00A70989 /* Debug */ = {
			isa = XCBuildConfiguration;
			buildSettings = {
				ALWAYS_SEARCH_USER_PATHS = NO;
				CLANG_ANALYZER_NONNULL = YES;
				CLANG_ANALYZER_NUMBER_OBJECT_CONVERSION = YES_AGGRESSIVE;
				CLANG_CXX_LANGUAGE_STANDARD = "gnu++20";
				CLANG_ENABLE_MODULES = YES;
				CLANG_ENABLE_OBJC_ARC = YES;
				CLANG_ENABLE_OBJC_WEAK = YES;
				CLANG_WARN_BLOCK_CAPTURE_AUTORELEASING = YES;
				CLANG_WARN_BOOL_CONVERSION = YES;
				CLANG_WARN_COMMA = YES;
				CLANG_WARN_CONSTANT_CONVERSION = YES;
				CLANG_WARN_DEPRECATED_OBJC_IMPLEMENTATIONS = YES;
				CLANG_WARN_DIRECT_OBJC_ISA_USAGE = YES_ERROR;
				CLANG_WARN_DOCUMENTATION_COMMENTS = YES;
				CLANG_WARN_EMPTY_BODY = YES;
				CLANG_WARN_ENUM_CONVERSION = YES;
				CLANG_WARN_INFINITE_RECURSION = YES;
				CLANG_WARN_INT_CONVERSION = YES;
				CLANG_WARN_NON_LITERAL_NULL_CONVERSION = YES;
				CLANG_WARN_OBJC_IMPLICIT_RETAIN_SELF = YES;
				CLANG_WARN_OBJC_LITERAL_CONVERSION = YES;
				CLANG_WARN_OBJC_ROOT_CLASS = YES_ERROR;
				CLANG_WARN_QUOTED_INCLUDE_IN_FRAMEWORK_HEADER = YES;
				CLANG_WARN_RANGE_LOOP_ANALYSIS = YES;
				CLANG_WARN_STRICT_PROTOTYPES = YES;
				CLANG_WARN_SUSPICIOUS_MOVE = YES;
				CLANG_WARN_UNGUARDED_AVAILABILITY = YES_AGGRESSIVE;
				CLANG_WARN_UNREACHABLE_CODE = YES;
				CLANG_WARN__DUPLICATE_METHOD_MATCH = YES;
				COPY_PHASE_STRIP = NO;
				DEBUG_INFORMATION_FORMAT = dwarf;
				ENABLE_STRICT_OBJC_MSGSEND = YES;
				ENABLE_TESTABILITY = YES;
				GCC_C_LANGUAGE_STANDARD = gnu11;
				GCC_DYNAMIC_NO_PIC = NO;
				GCC_NO_COMMON_BLOCKS = YES;
				GCC_OPTIMIZATION_LEVEL = 0;
				GCC_PREPROCESSOR_DEFINITIONS = (
					"DEBUG=1",
					"$(inherited)",
				);
				GCC_WARN_64_TO_32_BIT_CONVERSION = YES;
				GCC_WARN_ABOUT_RETURN_TYPE = YES_ERROR;
				GCC_WARN_UNDECLARED_SELECTOR = YES;
				GCC_WARN_UNINITIALIZED_AUTOS = YES_AGGRESSIVE;
				GCC_WARN_UNUSED_FUNCTION = YES;
				GCC_WARN_UNUSED_VARIABLE = YES;
				IPHONEOS_DEPLOYMENT_TARGET = 16.4;
				MTL_ENABLE_DEBUG_INFO = INCLUDE_SOURCE;
				MTL_FAST_MATH = YES;
				ONLY_ACTIVE_ARCH = YES;
				SDKROOT = iphoneos;
				SWIFT_ACTIVE_COMPILATION_CONDITIONS = DEBUG;
				SWIFT_OPTIMIZATION_LEVEL = "-Onone";
			};
			name = Debug;
		};
		6C70C0732A83653D00A70989 /* Release */ = {
			isa = XCBuildConfiguration;
			buildSettings = {
				ALWAYS_SEARCH_USER_PATHS = NO;
				CLANG_ANALYZER_NONNULL = YES;
				CLANG_ANALYZER_NUMBER_OBJECT_CONVERSION = YES_AGGRESSIVE;
				CLANG_CXX_LANGUAGE_STANDARD = "gnu++20";
				CLANG_ENABLE_MODULES = YES;
				CLANG_ENABLE_OBJC_ARC = YES;
				CLANG_ENABLE_OBJC_WEAK = YES;
				CLANG_WARN_BLOCK_CAPTURE_AUTORELEASING = YES;
				CLANG_WARN_BOOL_CONVERSION = YES;
				CLANG_WARN_COMMA = YES;
				CLANG_WARN_CONSTANT_CONVERSION = YES;
				CLANG_WARN_DEPRECATED_OBJC_IMPLEMENTATIONS = YES;
				CLANG_WARN_DIRECT_OBJC_ISA_USAGE = YES_ERROR;
				CLANG_WARN_DOCUMENTATION_COMMENTS = YES;
				CLANG_WARN_EMPTY_BODY = YES;
				CLANG_WARN_ENUM_CONVERSION = YES;
				CLANG_WARN_INFINITE_RECURSION = YES;
				CLANG_WARN_INT_CONVERSION = YES;
				CLANG_WARN_NON_LITERAL_NULL_CONVERSION = YES;
				CLANG_WARN_OBJC_IMPLICIT_RETAIN_SELF = YES;
				CLANG_WARN_OBJC_LITERAL_CONVERSION = YES;
				CLANG_WARN_OBJC_ROOT_CLASS = YES_ERROR;
				CLANG_WARN_QUOTED_INCLUDE_IN_FRAMEWORK_HEADER = YES;
				CLANG_WARN_RANGE_LOOP_ANALYSIS = YES;
				CLANG_WARN_STRICT_PROTOTYPES = YES;
				CLANG_WARN_SUSPICIOUS_MOVE = YES;
				CLANG_WARN_UNGUARDED_AVAILABILITY = YES_AGGRESSIVE;
				CLANG_WARN_UNREACHABLE_CODE = YES;
				CLANG_WARN__DUPLICATE_METHOD_MATCH = YES;
				COPY_PHASE_STRIP = NO;
				DEBUG_INFORMATION_FORMAT = "dwarf-with-dsym";
				ENABLE_NS_ASSERTIONS = NO;
				ENABLE_STRICT_OBJC_MSGSEND = YES;
				GCC_C_LANGUAGE_STANDARD = gnu11;
				GCC_NO_COMMON_BLOCKS = YES;
				GCC_WARN_64_TO_32_BIT_CONVERSION = YES;
				GCC_WARN_ABOUT_RETURN_TYPE = YES_ERROR;
				GCC_WARN_UNDECLARED_SELECTOR = YES;
				GCC_WARN_UNINITIALIZED_AUTOS = YES_AGGRESSIVE;
				GCC_WARN_UNUSED_FUNCTION = YES;
				GCC_WARN_UNUSED_VARIABLE = YES;
				IPHONEOS_DEPLOYMENT_TARGET = 16.4;
				MTL_ENABLE_DEBUG_INFO = NO;
				MTL_FAST_MATH = YES;
				SDKROOT = iphoneos;
				SWIFT_COMPILATION_MODE = wholemodule;
				SWIFT_OPTIMIZATION_LEVEL = "-O";
				VALIDATE_PRODUCT = YES;
			};
			name = Release;
		};
		6C70C0752A83653D00A70989 /* Debug */ = {
			isa = XCBuildConfiguration;
			buildSettings = {
				ASSETCATALOG_COMPILER_APPICON_NAME = AppIcon;
				ASSETCATALOG_COMPILER_GLOBAL_ACCENT_COLOR_NAME = AccentColor;
				CODE_SIGN_STYLE = Automatic;
				CURRENT_PROJECT_VERSION = 1;
				DEVELOPMENT_TEAM = 654TFT8Q77;
				GENERATE_INFOPLIST_FILE = YES;
				INFOPLIST_FILE = MilestoneProjectTenTwelve/Info.plist;
				INFOPLIST_KEY_UIApplicationSupportsIndirectInputEvents = YES;
				INFOPLIST_KEY_UILaunchStoryboardName = LaunchScreen;
				INFOPLIST_KEY_UIMainStoryboardFile = Main;
				INFOPLIST_KEY_UISupportedInterfaceOrientations_iPad = "UIInterfaceOrientationPortrait UIInterfaceOrientationPortraitUpsideDown UIInterfaceOrientationLandscapeLeft UIInterfaceOrientationLandscapeRight";
				INFOPLIST_KEY_UISupportedInterfaceOrientations_iPhone = "UIInterfaceOrientationPortrait UIInterfaceOrientationLandscapeLeft UIInterfaceOrientationLandscapeRight";
				LD_RUNPATH_SEARCH_PATHS = (
					"$(inherited)",
					"@executable_path/Frameworks",
				);
				MARKETING_VERSION = 1.0;
				PRODUCT_BUNDLE_IDENTIFIER = pl.codewithrivss.MilestoneProjectTenTwelve;
				PRODUCT_NAME = "$(TARGET_NAME)";
				SWIFT_EMIT_LOC_STRINGS = YES;
				SWIFT_VERSION = 5.0;
				TARGETED_DEVICE_FAMILY = "1,2";
			};
			name = Debug;
		};
		6C70C0762A83653D00A70989 /* Release */ = {
			isa = XCBuildConfiguration;
			buildSettings = {
				ASSETCATALOG_COMPILER_APPICON_NAME = AppIcon;
				ASSETCATALOG_COMPILER_GLOBAL_ACCENT_COLOR_NAME = AccentColor;
				CODE_SIGN_STYLE = Automatic;
				CURRENT_PROJECT_VERSION = 1;
				DEVELOPMENT_TEAM = 654TFT8Q77;
				GENERATE_INFOPLIST_FILE = YES;
				INFOPLIST_FILE = MilestoneProjectTenTwelve/Info.plist;
				INFOPLIST_KEY_UIApplicationSupportsIndirectInputEvents = YES;
				INFOPLIST_KEY_UILaunchStoryboardName = LaunchScreen;
				INFOPLIST_KEY_UIMainStoryboardFile = Main;
				INFOPLIST_KEY_UISupportedInterfaceOrientations_iPad = "UIInterfaceOrientationPortrait UIInterfaceOrientationPortraitUpsideDown UIInterfaceOrientationLandscapeLeft UIInterfaceOrientationLandscapeRight";
				INFOPLIST_KEY_UISupportedInterfaceOrientations_iPhone = "UIInterfaceOrientationPortrait UIInterfaceOrientationLandscapeLeft UIInterfaceOrientationLandscapeRight";
				LD_RUNPATH_SEARCH_PATHS = (
					"$(inherited)",
					"@executable_path/Frameworks",
				);
				MARKETING_VERSION = 1.0;
				PRODUCT_BUNDLE_IDENTIFIER = pl.codewithrivss.MilestoneProjectTenTwelve;
				PRODUCT_NAME = "$(TARGET_NAME)";
				SWIFT_EMIT_LOC_STRINGS = YES;
				SWIFT_VERSION = 5.0;
				TARGETED_DEVICE_FAMILY = "1,2";
			};
			name = Release;
		};
/* End XCBuildConfiguration section */

/* Begin XCConfigurationList section */
		6C70C05B2A83653C00A70989 /* Build configuration list for PBXProject "MilestoneProjectTenTwelve" */ = {
			isa = XCConfigurationList;
			buildConfigurations = (
				6C70C0722A83653D00A70989 /* Debug */,
				6C70C0732A83653D00A70989 /* Release */,
			);
			defaultConfigurationIsVisible = 0;
			defaultConfigurationName = Release;
		};
		6C70C0742A83653D00A70989 /* Build configuration list for PBXNativeTarget "MilestoneProjectTenTwelve" */ = {
			isa = XCConfigurationList;
			buildConfigurations = (
				6C70C0752A83653D00A70989 /* Debug */,
				6C70C0762A83653D00A70989 /* Release */,
			);
			defaultConfigurationIsVisible = 0;
			defaultConfigurationName = Release;
		};
/* End XCConfigurationList section */
	};
	rootObject = 6C70C0582A83653C00A70989 /* Project object */;
}
